
Microsoft Visual Studio Solution File, Format Version 12.00
# Visual Studio Version 17
VisualStudioVersion = 17.5.33516.290
MinimumVisualStudioVersion = 10.0.40219.1
Project("{FAE04EC0-301F-11D3-BF4B-00C04F79EFBC}") = "DatingSim", "DatingSim\DatingSim.csproj", "{1A213836-21AA-467B-BD38-44E7763E7EEC}"
EndProject
Global
	GlobalSection(SolutionConfigurationPlatforms) = preSolution
		Debug|Any CPU = Debug|Any CPU
		Release|Any CPU = Release|Any CPU
	EndGlobalSection
	GlobalSection(ProjectConfigurationPlatforms) = postSolution
		{1A213836-21AA-467B-BD38-44E7763E7EEC}.Debug|Any CPU.ActiveCfg = Debug|Any CPU
		{1A213836-21AA-467B-BD38-44E7763E7EEC}.Debug|Any CPU.Build.0 = Debug|Any CPU
		{1A213836-21AA-467B-BD38-44E7763E7EEC}.Release|Any CPU.ActiveCfg = Release|Any CPU
		{1A213836-21AA-467B-BD38-44E7763E7EEC}.Release|Any CPU.Build.0 = Release|Any CPU
	EndGlobalSection
	GlobalSection(SolutionProperties) = preSolution
		HideSolutionNode = FALSE
	EndGlobalSection
	GlobalSection(ExtensibilityGlobals) = postSolution
		SolutionGuid = {62D840E7-6C4F-48A2-A5CD-F272987A2D08}
	EndGlobalSection
EndGlobal
